
Microsoft Visual Studio Solution File, Format Version 12.00
# Visual Studio Version 17
VisualStudioVersion = 17.11.35312.102
MinimumVisualStudioVersion = 10.0.40219.1
Project("{9A19103F-16F7-4668-BE54-9A1E7A4F7556}") = "FileGenerator", "FileGenerator\FileGenerator.csproj", "{397CEB86-C94A-49CB-B921-24A1D50244CD}"
EndProject
Project("{FAE04EC0-301F-11D3-BF4B-00C04F79EFBC}") = "FileSorter", "FileSorter\FileSorter.csproj", "{2A80441E-4CA1-458B-A0BC-46921598ACCA}"
EndProject
Global
	GlobalSection(SolutionConfigurationPlatforms) = preSolution
		Debug|Any CPU = Debug|Any CPU
		Release|Any CPU = Release|Any CPU
	EndGlobalSection
	GlobalSection(ProjectConfigurationPlatforms) = postSolution
		{397CEB86-C94A-49CB-B921-24A1D50244CD}.Debug|Any CPU.ActiveCfg = Debug|Any CPU
		{397CEB86-C94A-49CB-B921-24A1D50244CD}.Debug|Any CPU.Build.0 = Debug|Any CPU
		{397CEB86-C94A-49CB-B921-24A1D50244CD}.Release|Any CPU.ActiveCfg = Release|Any CPU
		{397CEB86-C94A-49CB-B921-24A1D50244CD}.Release|Any CPU.Build.0 = Release|Any CPU
		{2A80441E-4CA1-458B-A0BC-46921598ACCA}.Debug|Any CPU.ActiveCfg = Debug|Any CPU
		{2A80441E-4CA1-458B-A0BC-46921598ACCA}.Debug|Any CPU.Build.0 = Debug|Any CPU
		{2A80441E-4CA1-458B-A0BC-46921598ACCA}.Release|Any CPU.ActiveCfg = Release|Any CPU
		{2A80441E-4CA1-458B-A0BC-46921598ACCA}.Release|Any CPU.Build.0 = Release|Any CPU
	EndGlobalSection
	GlobalSection(SolutionProperties) = preSolution
		HideSolutionNode = FALSE
	EndGlobalSection
	GlobalSection(ExtensibilityGlobals) = postSolution
		SolutionGuid = {A1880425-FF00-4FD0-9815-8F605E9F046B}
	EndGlobalSection
EndGlobal
